// !$*UTF8*$!
{
	archiveVersion = 1;
	classes = {
	};
	objectVersion = 46;
	objects = {

/* Begin PBXBuildFile section */
		4F7CF7621BC92807005ED1D8 /* main.m in Sources */ = {isa = PBXBuildFile; fileRef = 4F7CF7611BC92807005ED1D8 /* main.m */; };
		4F7CF7651BC92807005ED1D8 /* AppDelegate.m in Sources */ = {isa = PBXBuildFile; fileRef = 4F7CF7641BC92807005ED1D8 /* AppDelegate.m */; };
		4F7CF76B1BC92807005ED1D8 /* Main.storyboard in Resources */ = {isa = PBXBuildFile; fileRef = 4F7CF7691BC92807005ED1D8 /* Main.storyboard */; };
		4F7CF76D1BC92807005ED1D8 /* Assets.xcassets in Resources */ = {isa = PBXBuildFile; fileRef = 4F7CF76C1BC92807005ED1D8 /* Assets.xcassets */; };
		4F7CF7701BC92807005ED1D8 /* LaunchScreen.storyboard in Resources */ = {isa = PBXBuildFile; fileRef = 4F7CF76E1BC92807005ED1D8 /* LaunchScreen.storyboard */; };
		4F7CF7791BC92891005ED1D8 /* CitiesTableViewController.m in Sources */ = {isa = PBXBuildFile; fileRef = 4F7CF7781BC92891005ED1D8 /* CitiesTableViewController.m */; settings = {ASSET_TAGS = (); }; };
		4F7CF77D1BC928EF005ED1D8 /* City.m in Sources */ = {isa = PBXBuildFile; fileRef = 4F7CF77C1BC928EF005ED1D8 /* City.m */; settings = {ASSET_TAGS = (); }; };
		4F7CF7801BC94430005ED1D8 /* CityDetailedViewController.m in Sources */ = {isa = PBXBuildFile; fileRef = 4F7CF77F1BC94430005ED1D8 /* CityDetailedViewController.m */; settings = {ASSET_TAGS = (); }; };
/* End PBXBuildFile section */

/* Begin PBXFileReference section */
		4F7CF75D1BC92807005ED1D8 /* iProg1Lesson2Weather.app */ = {isa = PBXFileReference; explicitFileType = wrapper.application; includeInIndex = 0; path = iProg1Lesson2Weather.app; sourceTree = BUILT_PRODUCTS_DIR; };
		4F7CF7611BC92807005ED1D8 /* main.m */ = {isa = PBXFileReference; lastKnownFileType = sourcecode.c.objc; path = main.m; sourceTree = "<group>"; };
		4F7CF7631BC92807005ED1D8 /* AppDelegate.h */ = {isa = PBXFileReference; lastKnownFileType = sourcecode.c.h; path = AppDelegate.h; sourceTree = "<group>"; };
		4F7CF7641BC92807005ED1D8 /* AppDelegate.m */ = {isa = PBXFileReference; lastKnownFileType = sourcecode.c.objc; path = AppDelegate.m; sourceTree = "<group>"; };
		4F7CF76A1BC92807005ED1D8 /* Base */ = {isa = PBXFileReference; lastKnownFileType = file.storyboard; name = Base; path = Base.lproj/Main.storyboard; sourceTree = "<group>"; };
		4F7CF76C1BC92807005ED1D8 /* Assets.xcassets */ = {isa = PBXFileReference; lastKnownFileType = folder.assetcatalog; path = Assets.xcassets; sourceTree = "<group>"; };
		4F7CF76F1BC92807005ED1D8 /* Base */ = {isa = PBXFileReference; lastKnownFileType = file.storyboard; name = Base; path = Base.lproj/LaunchScreen.storyboard; sourceTree = "<group>"; };
		4F7CF7711BC92807005ED1D8 /* Info.plist */ = {isa = PBXFileReference; lastKnownFileType = text.plist.xml; path = Info.plist; sourceTree = "<group>"; };
		4F7CF7771BC92891005ED1D8 /* CitiesTableViewController.h */ = {isa = PBXFileReference; fileEncoding = 4; lastKnownFileType = sourcecode.c.h; path = CitiesTableViewController.h; sourceTree = "<group>"; };
		4F7CF7781BC92891005ED1D8 /* CitiesTableViewController.m */ = {isa = PBXFileReference; fileEncoding = 4; lastKnownFileType = sourcecode.c.objc; path = CitiesTableViewController.m; sourceTree = "<group>"; };
		4F7CF77B1BC928EF005ED1D8 /* City.h */ = {isa = PBXFileReference; fileEncoding = 4; lastKnownFileType = sourcecode.c.h; path = City.h; sourceTree = "<group>"; };
		4F7CF77C1BC928EF005ED1D8 /* City.m */ = {isa = PBXFileReference; fileEncoding = 4; lastKnownFileType = sourcecode.c.objc; path = City.m; sourceTree = "<group>"; };
		4F7CF77E1BC94430005ED1D8 /* CityDetailedViewController.h */ = {isa = PBXFileReference; fileEncoding = 4; lastKnownFileType = sourcecode.c.h; name = CityDetailedViewController.h; path = iProg1Lesson2Weather/CityDetailedViewController.h; sourceTree = "<group>"; };
		4F7CF77F1BC94430005ED1D8 /* CityDetailedViewController.m */ = {isa = PBXFileReference; fileEncoding = 4; lastKnownFileType = sourcecode.c.objc; name = CityDetailedViewController.m; path = iProg1Lesson2Weather/CityDetailedViewController.m; sourceTree = "<group>"; };
/* End PBXFileReference section */

/* Begin PBXFrameworksBuildPhase section */
		4F7CF75A1BC92807005ED1D8 /* Frameworks */ = {
			isa = PBXFrameworksBuildPhase;
			buildActionMask = 2147483647;
			files = (
			);
			runOnlyForDeploymentPostprocessing = 0;
		};
/* End PBXFrameworksBuildPhase section */

/* Begin PBXGroup section */
		4F7CF7541BC92807005ED1D8 = {
			isa = PBXGroup;
			children = (
				4F7CF77E1BC94430005ED1D8 /* CityDetailedViewController.h */,
				4F7CF77F1BC94430005ED1D8 /* CityDetailedViewController.m */,
				4F7CF75F1BC92807005ED1D8 /* iProg1Lesson2Weather */,
				4F7CF75E1BC92807005ED1D8 /* Products */,
			);
			sourceTree = "<group>";
		};
		4F7CF75E1BC92807005ED1D8 /* Products */ = {
			isa = PBXGroup;
			children = (
				4F7CF75D1BC92807005ED1D8 /* iProg1Lesson2Weather.app */,
			);
			name = Products;
			sourceTree = "<group>";
		};
		4F7CF75F1BC92807005ED1D8 /* iProg1Lesson2Weather */ = {
			isa = PBXGroup;
			children = (
				4F7CF7631BC92807005ED1D8 /* AppDelegate.h */,
				4F7CF7641BC92807005ED1D8 /* AppDelegate.m */,
				4F7CF7691BC92807005ED1D8 /* Main.storyboard */,
				4F7CF77A1BC928A5005ED1D8 /* Cities */,
				4F7CF76C1BC92807005ED1D8 /* Assets.xcassets */,
				4F7CF76E1BC92807005ED1D8 /* LaunchScreen.storyboard */,
				4F7CF7711BC92807005ED1D8 /* Info.plist */,
				4F7CF7601BC92807005ED1D8 /* Supporting Files */,
			);
			path = iProg1Lesson2Weather;
			sourceTree = "<group>";
		};
		4F7CF7601BC92807005ED1D8 /* Supporting Files */ = {
			isa = PBXGroup;
			children = (
				4F7CF7611BC92807005ED1D8 /* main.m */,
			);
			name = "Supporting Files";
			sourceTree = "<group>";
		};
		4F7CF77A1BC928A5005ED1D8 /* Cities */ = {
			isa = PBXGroup;
			children = (
				4F7CF7771BC92891005ED1D8 /* CitiesTableViewController.h */,
				4F7CF7781BC92891005ED1D8 /* CitiesTableViewController.m */,
				4F7CF77B1BC928EF005ED1D8 /* City.h */,
				4F7CF77C1BC928EF005ED1D8 /* City.m */,
			);
			name = Cities;
			sourceTree = "<group>";
		};
/* End PBXGroup section */

/* Begin PBXNativeTarget section */
		4F7CF75C1BC92807005ED1D8 /* iProg1Lesson2Weather */ = {
			isa = PBXNativeTarget;
			buildConfigurationList = 4F7CF7741BC92807005ED1D8 /* Build configuration list for PBXNativeTarget "iProg1Lesson2Weather" */;
			buildPhases = (
				4F7CF7591BC92807005ED1D8 /* Sources */,
				4F7CF75A1BC92807005ED1D8 /* Frameworks */,
				4F7CF75B1BC92807005ED1D8 /* Resources */,
			);
			buildRules = (
			);
			dependencies = (
			);
			name = iProg1Lesson2Weather;
			productName = iProg1Lesson2Weather;
			productReference = 4F7CF75D1BC92807005ED1D8 /* iProg1Lesson2Weather.app */;
			productType = "com.apple.product-type.application";
		};
/* End PBXNativeTarget section */

/* Begin PBXProject section */
		4F7CF7551BC92807005ED1D8 /* Project object */ = {
			isa = PBXProject;
			attributes = {
				LastUpgradeCheck = 0700;
				ORGANIZATIONNAME = "Nikolay Shubenkov";
				TargetAttributes = {
					4F7CF75C1BC92807005ED1D8 = {
						CreatedOnToolsVersion = 7.0.1;
					};
				};
			};
			buildConfigurationList = 4F7CF7581BC92807005ED1D8 /* Build configuration list for PBXProject "iProg1Lesson2Weather" */;
			compatibilityVersion = "Xcode 3.2";
			developmentRegion = English;
			hasScannedForEncodings = 0;
			knownRegions = (
				en,
				Base,
			);
			mainGroup = 4F7CF7541BC92807005ED1D8;
			productRefGroup = 4F7CF75E1BC92807005ED1D8 /* Products */;
			projectDirPath = "";
			projectRoot = "";
			targets = (
				4F7CF75C1BC92807005ED1D8 /* iProg1Lesson2Weather */,
			);
		};
/* End PBXProject section */

/* Begin PBXResourcesBuildPhase section */
		4F7CF75B1BC92807005ED1D8 /* Resources */ = {
			isa = PBXResourcesBuildPhase;
			buildActionMask = 2147483647;
			files = (
				4F7CF7701BC92807005ED1D8 /* LaunchScreen.storyboard in Resources */,
				4F7CF76D1BC92807005ED1D8 /* Assets.xcassets in Resources */,
				4F7CF76B1BC92807005ED1D8 /* Main.storyboard in Resources */,
			);
			runOnlyForDeploymentPostprocessing = 0;
		};
/* End PBXResourcesBuildPhase section */

/* Begin PBXSourcesBuildPhase section */
		4F7CF7591BC92807005ED1D8 /* Sources */ = {
			isa = PBXSourcesBuildPhase;
			buildActionMask = 2147483647;
			files = (
				4F7CF7651BC92807005ED1D8 /* AppDelegate.m in Sources */,
				4F7CF7621BC92807005ED1D8 /* main.m in Sources */,
				4F7CF7801BC94430005ED1D8 /* CityDetailedViewController.m in Sources */,
				4F7CF77D1BC928EF005ED1D8 /* City.m in Sources */,
				4F7CF7791BC92891005ED1D8 /* CitiesTableViewController.m in Sources */,
			);
			runOnlyForDeploymentPostprocessing = 0;
		};
/* End PBXSourcesBuildPhase section */

/* Begin PBXVariantGroup section */
		4F7CF7691BC92807005ED1D8 /* Main.storyboard */ = {
			isa = PBXVariantGroup;
			children = (
				4F7CF76A1BC92807005ED1D8 /* Base */,
			);
			name = Main.storyboard;
			sourceTree = "<group>";
		};
		4F7CF76E1BC92807005ED1D8 /* LaunchScreen.storyboard */ = {
			isa = PBXVariantGroup;
			children = (
				4F7CF76F1BC92807005ED1D8 /* Base */,
			);
			name = LaunchScreen.storyboard;
			sourceTree = "<group>";
		};
/* End PBXVariantGroup section */

/* Begin XCBuildConfiguration section */
		4F7CF7721BC92807005ED1D8 /* Debug */ = {
			isa = XCBuildConfiguration;
			buildSettings = {
				ALWAYS_SEARCH_USER_PATHS = NO;
				CLANG_CXX_LANGUAGE_STANDARD = "gnu++0x";
				CLANG_CXX_LIBRARY = "libc++";
				CLANG_ENABLE_MODULES = YES;
				CLANG_ENABLE_OBJC_ARC = YES;
				CLANG_WARN_BOOL_CONVERSION = YES;
				CLANG_WARN_CONSTANT_CONVERSION = YES;
				CLANG_WARN_DIRECT_OBJC_ISA_USAGE = YES_ERROR;
				CLANG_WARN_EMPTY_BODY = YES;
				CLANG_WARN_ENUM_CONVERSION = YES;
				CLANG_WARN_INT_CONVERSION = YES;
				CLANG_WARN_OBJC_ROOT_CLASS = YES_ERROR;
				CLANG_WARN_UNREACHABLE_CODE = YES;
				CLANG_WARN__DUPLICATE_METHOD_MATCH = YES;
				"CODE_SIGN_IDENTITY[sdk=iphoneos*]" = "iPhone Developer";
				COPY_PHASE_STRIP = NO;
				DEBUG_INFORMATION_FORMAT = dwarf;
				ENABLE_STRICT_OBJC_MSGSEND = YES;
				ENABLE_TESTABILITY = YES;
				GCC_C_LANGUAGE_STANDARD = gnu99;
				GCC_DYNAMIC_NO_PIC = NO;
				GCC_NO_COMMON_BLOCKS = YES;
				GCC_OPTIMIZATION_LEVEL = 0;
				GCC_PREPROCESSOR_DEFINITIONS = (
					"DEBUG=1",
					"$(inherited)",
				);
				GCC_WARN_64_TO_32_BIT_CONVERSION = YES;
				GCC_WARN_ABOUT_RETURN_TYPE = YES_ERROR;
				GCC_WARN_UNDECLARED_SELECTOR = YES;
				GCC_WARN_UNINITIALIZED_AUTOS = YES_AGGRESSIVE;
				GCC_WARN_UNUSED_FUNCTION = YES;
				GCC_WARN_UNUSED_VARIABLE = YES;
				IPHONEOS_DEPLOYMENT_TARGET = 9.0;
				MTL_ENABLE_DEBUG_INFO = YES;
				ONLY_ACTIVE_ARCH = YES;
				SDKROOT = iphoneos;
				TARGETED_DEVICE_FAMILY = "1,2";
			};
			name = Debug;
		};
		4F7CF7731BC92807005ED1D8 /* Release */ = {
			isa = XCBuildConfiguration;
			buildSettings = {
				ALWAYS_SEARCH_USER_PATHS = NO;
				CLANG_CXX_LANGUAGE_STANDARD = "gnu++0x";
				CLANG_CXX_LIBRARY = "libc++";
				CLANG_ENABLE_MODULES = YES;
				CLANG_ENABLE_OBJC_ARC = YES;
				CLANG_WARN_BOOL_CONVERSION = YES;
				CLANG_WARN_CONSTANT_CONVERSION = YES;
				CLANG_WARN_DIRECT_OBJC_ISA_USAGE = YES_ERROR;
				CLANG_WARN_EMPTY_BODY = YES;
				CLANG_WARN_ENUM_CONVERSION = YES;
				CLANG_WARN_INT_CONVERSION = YES;
				CLANG_WARN_OBJC_ROOT_CLASS = YES_ERROR;
				CLANG_WARN_UNREACHABLE_CODE = YES;
				CLANG_WARN__DUPLICATE_METHOD_MATCH = YES;
				"CODE_SIGN_IDENTITY[sdk=iphoneos*]" = "iPhone Developer";
				COPY_PHASE_STRIP = NO;
				DEBUG_INFORMATION_FORMAT = "dwarf-with-dsym";
				ENABLE_NS_ASSERTIONS = NO;
				ENABLE_STRICT_OBJC_MSGSEND = YES;
				GCC_C_LANGUAGE_STANDARD = gnu99;
				GCC_NO_COMMON_BLOCKS = YES;
				GCC_WARN_64_TO_32_BIT_CONVERSION = YES;
				GCC_WARN_ABOUT_RETURN_TYPE = YES_ERROR;
				GCC_WARN_UNDECLARED_SELECTOR = YES;
				GCC_WARN_UNINITIALIZED_AUTOS = YES_AGGRESSIVE;
				GCC_WARN_UNUSED_FUNCTION = YES;
				GCC_WARN_UNUSED_VARIABLE = YES;
				IPHONEOS_DEPLOYMENT_TARGET = 9.0;
				MTL_ENABLE_DEBUG_INFO = NO;
				SDKROOT = iphoneos;
				TARGETED_DEVICE_FAMILY = "1,2";
				VALIDATE_PRODUCT = YES;
			};
			name = Release;
		};
		4F7CF7751BC92807005ED1D8 /* Debug */ = {
			isa = XCBuildConfiguration;
			buildSettings = {
				ASSETCATALOG_COMPILER_APPICON_NAME = AppIcon;
				INFOPLIST_FILE = iProg1Lesson2Weather/Info.plist;
				LD_RUNPATH_SEARCH_PATHS = "$(inherited) @executable_path/Frameworks";
				PRODUCT_BUNDLE_IDENTIFIER = ias.su.iProg1Lesson2Weather;
				PRODUCT_NAME = "$(TARGET_NAME)";
			};
			name = Debug;
		};
		4F7CF7761BC92807005ED1D8 /* Release */ = {
			isa = XCBuildConfiguration;
			buildSettings = {
				ASSETCATALOG_COMPILER_APPICON_NAME = AppIcon;
				INFOPLIST_FILE = iProg1Lesson2Weather/Info.plist;
				LD_RUNPATH_SEARCH_PATHS = "$(inherited) @executable_path/Frameworks";
				PRODUCT_BUNDLE_IDENTIFIER = ias.su.iProg1Lesson2Weather;
				PRODUCT_NAME = "$(TARGET_NAME)";
			};
			name = Release;
		};
/* End XCBuildConfiguration section */

/* Begin XCConfigurationList section */
		4F7CF7581BC92807005ED1D8 /* Build configuration list for PBXProject "iProg1Lesson2Weather" */ = {
			isa = XCConfigurationList;
			buildConfigurations = (
				4F7CF7721BC92807005ED1D8 /* Debug */,
				4F7CF7731BC92807005ED1D8 /* Release */,
			);
			defaultConfigurationIsVisible = 0;
			defaultConfigurationName = Release;
		};
		4F7CF7741BC92807005ED1D8 /* Build configuration list for PBXNativeTarget "iProg1Lesson2Weather" */ = {
			isa = XCConfigurationList;
			buildConfigurations = (
				4F7CF7751BC92807005ED1D8 /* Debug */,
				4F7CF7761BC92807005ED1D8 /* Release */,
			);
			defaultConfigurationIsVisible = 0;
		};
/* End XCConfigurationList section */
	};
	rootObject = 4F7CF7551BC92807005ED1D8 /* Project object */;
}
